
Microsoft Visual Studio Solution File, Format Version 12.00
# Visual Studio Version 17
VisualStudioVersion = 17.0.31903.59
MinimumVisualStudioVersion = 10.0.40219.1
Project("{FAE04EC0-301F-11D3-BF4B-00C04F79EFBC}") = "Server", "Server\Server.csproj", "{A82B37A6-5B6F-464B-B230-F90B22F100FD}"
EndProject
Project("{FAE04EC0-301F-11D3-BF4B-00C04F79EFBC}") = "Client", "Client\Client.csproj", "{AB217307-09F6-44A7-A6B4-9E89089F6645}"
EndProject
Project("{FAE04EC0-301F-11D3-BF4B-00C04F79EFBC}") = "Shared", "Shared\Shared.csproj", "{94BED989-8577-4E02-89E9-59C4B50D0552}"
EndProject
Global
	GlobalSection(SolutionConfigurationPlatforms) = preSolution
		Debug|Any CPU = Debug|Any CPU
		Debug|x64 = Debug|x64
		Debug|x86 = Debug|x86
		Release|Any CPU = Release|Any CPU
		Release|x64 = Release|x64
		Release|x86 = Release|x86
	EndGlobalSection
	GlobalSection(ProjectConfigurationPlatforms) = postSolution
		{A82B37A6-5B6F-464B-B230-F90B22F100FD}.Debug|Any CPU.ActiveCfg = Debug|Any CPU
		{A82B37A6-5B6F-464B-B230-F90B22F100FD}.Debug|Any CPU.Build.0 = Debug|Any CPU
		{A82B37A6-5B6F-464B-B230-F90B22F100FD}.Debug|x64.ActiveCfg = Debug|Any CPU
		{A82B37A6-5B6F-464B-B230-F90B22F100FD}.Debug|x64.Build.0 = Debug|Any CPU
		{A82B37A6-5B6F-464B-B230-F90B22F100FD}.Debug|x86.ActiveCfg = Debug|Any CPU
		{A82B37A6-5B6F-464B-B230-F90B22F100FD}.Debug|x86.Build.0 = Debug|Any CPU
		{A82B37A6-5B6F-464B-B230-F90B22F100FD}.Release|Any CPU.ActiveCfg = Release|Any CPU
		{A82B37A6-5B6F-464B-B230-F90B22F100FD}.Release|Any CPU.Build.0 = Release|Any CPU
		{A82B37A6-5B6F-464B-B230-F90B22F100FD}.Release|x64.ActiveCfg = Release|Any CPU
		{A82B37A6-5B6F-464B-B230-F90B22F100FD}.Release|x64.Build.0 = Release|Any CPU
		{A82B37A6-5B6F-464B-B230-F90B22F100FD}.Release|x86.ActiveCfg = Release|Any CPU
		{A82B37A6-5B6F-464B-B230-F90B22F100FD}.Release|x86.Build.0 = Release|Any CPU
		{AB217307-09F6-44A7-A6B4-9E89089F6645}.Debug|Any CPU.ActiveCfg = Debug|Any CPU
		{AB217307-09F6-44A7-A6B4-9E89089F6645}.Debug|Any CPU.Build.0 = Debug|Any CPU
		{AB217307-09F6-44A7-A6B4-9E89089F6645}.Debug|x64.ActiveCfg = Debug|Any CPU
		{AB217307-09F6-44A7-A6B4-9E89089F6645}.Debug|x64.Build.0 = Debug|Any CPU
		{AB217307-09F6-44A7-A6B4-9E89089F6645}.Debug|x86.ActiveCfg = Debug|Any CPU
		{AB217307-09F6-44A7-A6B4-9E89089F6645}.Debug|x86.Build.0 = Debug|Any CPU
		{AB217307-09F6-44A7-A6B4-9E89089F6645}.Release|Any CPU.ActiveCfg = Release|Any CPU
		{AB217307-09F6-44A7-A6B4-9E89089F6645}.Release|Any CPU.Build.0 = Release|Any CPU
		{AB217307-09F6-44A7-A6B4-9E89089F6645}.Release|x64.ActiveCfg = Release|Any CPU
		{AB217307-09F6-44A7-A6B4-9E89089F6645}.Release|x64.Build.0 = Release|Any CPU
		{AB217307-09F6-44A7-A6B4-9E89089F6645}.Release|x86.ActiveCfg = Release|Any CPU
		{AB217307-09F6-44A7-A6B4-9E89089F6645}.Release|x86.Build.0 = Release|Any CPU
		{94BED989-8577-4E02-89E9-59C4B50D0552}.Debug|Any CPU.ActiveCfg = Debug|Any CPU
		{94BED989-8577-4E02-89E9-59C4B50D0552}.Debug|Any CPU.Build.0 = Debug|Any CPU
		{94BED989-8577-4E02-89E9-59C4B50D0552}.Debug|x64.ActiveCfg = Debug|Any CPU
		{94BED989-8577-4E02-89E9-59C4B50D0552}.Debug|x64.Build.0 = Debug|Any CPU
		{94BED989-8577-4E02-89E9-59C4B50D0552}.Debug|x86.ActiveCfg = Debug|Any CPU
		{94BED989-8577-4E02-89E9-59C4B50D0552}.Debug|x86.Build.0 = Debug|Any CPU
		{94BED989-8577-4E02-89E9-59C4B50D0552}.Release|Any CPU.ActiveCfg = Release|Any CPU
		{94BED989-8577-4E02-89E9-59C4B50D0552}.Release|Any CPU.Build.0 = Release|Any CPU
		{94BED989-8577-4E02-89E9-59C4B50D0552}.Release|x64.ActiveCfg = Release|Any CPU
		{94BED989-8577-4E02-89E9-59C4B50D0552}.Release|x64.Build.0 = Release|Any CPU
		{94BED989-8577-4E02-89E9-59C4B50D0552}.Release|x86.ActiveCfg = Release|Any CPU
		{94BED989-8577-4E02-89E9-59C4B50D0552}.Release|x86.Build.0 = Release|Any CPU
	EndGlobalSection
	GlobalSection(SolutionProperties) = preSolution
		HideSolutionNode = FALSE
	EndGlobalSection
EndGlobal
